
Microsoft Visual Studio Solution File, Format Version 12.00
# Visual Studio Version 17
VisualStudioVersion = 17.14.37012.4 d17.14
MinimumVisualStudioVersion = 10.0.40219.1
Project("{FAE04EC0-301F-11D3-BF4B-00C04F79EFBC}") = "MChat.ASP_MVC", "MChat.ASP_MVC\MChat.ASP_MVC.csproj", "{45589F1B-C46F-478B-B532-C7D996430370}"
EndProject
Global
	GlobalSection(SolutionConfigurationPlatforms) = preSolution
		Debug|Any CPU = Debug|Any CPU
		Release|Any CPU = Release|Any CPU
	EndGlobalSection
	GlobalSection(ProjectConfigurationPlatforms) = postSolution
		{45589F1B-C46F-478B-B532-C7D996430370}.Debug|Any CPU.ActiveCfg = Debug|Any CPU
		{45589F1B-C46F-478B-B532-C7D996430370}.Debug|Any CPU.Build.0 = Debug|Any CPU
		{45589F1B-C46F-478B-B532-C7D996430370}.Release|Any CPU.ActiveCfg = Release|Any CPU
		{45589F1B-C46F-478B-B532-C7D996430370}.Release|Any CPU.Build.0 = Release|Any CPU
	EndGlobalSection
	GlobalSection(SolutionProperties) = preSolution
		HideSolutionNode = FALSE
	EndGlobalSection
	GlobalSection(ExtensibilityGlobals) = postSolution
		SolutionGuid = {A86F5B56-9CB9-42DA-A07B-E2C65EA7503D}
	EndGlobalSection
EndGlobal
